{
  "requires": true,
  "lockfileVersion": 1,
  "dependencies": {
    "@fooloomanzoo/color-picker": {
      "version": "2.0.8",
      "resolved": "https://registry.npmjs.org/@fooloomanzoo/color-picker/-/color-picker-2.0.8.tgz",
      "integrity": "sha512-3qOKzEFMmFlMpawTsdAO6DlswCdR3qhj2L8g9AO07oqO7acKUNLscm8ihCPQwqCAp0WJFyIuD+kphEs8B/6mdw=="
    }
  }
}
